
Microsoft Visual Studio Solution File, Format Version 12.00
# Visual Studio 14
VisualStudioVersion = 14.0.25420.1
MinimumVisualStudioVersion = 10.0.40219.1
Project("{FAE04EC0-301F-11D3-BF4B-00C04F79EFBC}") = "EmailSendExampleApp", "EmailSendExampleApp\EmailSendExampleApp.csproj", "{945DB3E7-D5D1-408B-9382-E365F709C8EC}"
EndProject
Global
	GlobalSection(SolutionConfigurationPlatforms) = preSolution
		Debug|Any CPU = Debug|Any CPU
		Release|Any CPU = Release|Any CPU
	EndGlobalSection
	GlobalSection(ProjectConfigurationPlatforms) = postSolution
		{945DB3E7-D5D1-408B-9382-E365F709C8EC}.Debug|Any CPU.ActiveCfg = Debug|Any CPU
		{945DB3E7-D5D1-408B-9382-E365F709C8EC}.Debug|Any CPU.Build.0 = Debug|Any CPU
		{945DB3E7-D5D1-408B-9382-E365F709C8EC}.Release|Any CPU.ActiveCfg = Release|Any CPU
		{945DB3E7-D5D1-408B-9382-E365F709C8EC}.Release|Any CPU.Build.0 = Release|Any CPU
	EndGlobalSection
	GlobalSection(SolutionProperties) = preSolution
		HideSolutionNode = FALSE
	EndGlobalSection
EndGlobal
